// !$*UTF8*$!
{
	archiveVersion = 1;
	classes = {
	};
	objectVersion = 50;
	objects = {

/* Begin PBXBuildFile section */
		CECF8CE52089E89100A1FDA9 /* AppDelegate.swift in Sources */ = {isa = PBXBuildFile; fileRef = CECF8CE42089E89100A1FDA9 /* AppDelegate.swift */; };
		CECF8CE72089E89100A1FDA9 /* ViewController.swift in Sources */ = {isa = PBXBuildFile; fileRef = CECF8CE62089E89100A1FDA9 /* ViewController.swift */; };
		CECF8CEA2089E89100A1FDA9 /* Main.storyboard in Resources */ = {isa = PBXBuildFile; fileRef = CECF8CE82089E89100A1FDA9 /* Main.storyboard */; };
		CECF8CEC2089E89200A1FDA9 /* Assets.xcassets in Resources */ = {isa = PBXBuildFile; fileRef = CECF8CEB2089E89200A1FDA9 /* Assets.xcassets */; };
		CECF8CEF2089E89200A1FDA9 /* LaunchScreen.storyboard in Resources */ = {isa = PBXBuildFile; fileRef = CECF8CED2089E89200A1FDA9 /* LaunchScreen.storyboard */; };
/* End PBXBuildFile section */

/* Begin PBXFileReference section */
		CECF8CE12089E89100A1FDA9 /* Charts&Graphs.app */ = {isa = PBXFileReference; explicitFileType = wrapper.application; includeInIndex = 0; path = "Charts&Graphs.app"; sourceTree = BUILT_PRODUCTS_DIR; };
		CECF8CE42089E89100A1FDA9 /* AppDelegate.swift */ = {isa = PBXFileReference; lastKnownFileType = sourcecode.swift; path = AppDelegate.swift; sourceTree = "<group>"; };
		CECF8CE62089E89100A1FDA9 /* ViewController.swift */ = {isa = PBXFileReference; lastKnownFileType = sourcecode.swift; path = ViewController.swift; sourceTree = "<group>"; };
		CECF8CE92089E89100A1FDA9 /* Base */ = {isa = PBXFileReference; lastKnownFileType = file.storyboard; name = Base; path = Base.lproj/Main.storyboard; sourceTree = "<group>"; };
		CECF8CEB2089E89200A1FDA9 /* Assets.xcassets */ = {isa = PBXFileReference; lastKnownFileType = folder.assetcatalog; path = Assets.xcassets; sourceTree = "<group>"; };
		CECF8CEE2089E89200A1FDA9 /* Base */ = {isa = PBXFileReference; lastKnownFileType = file.storyboard; name = Base; path = Base.lproj/LaunchScreen.storyboard; sourceTree = "<group>"; };
		CECF8CF02089E89200A1FDA9 /* Info.plist */ = {isa = PBXFileReference; lastKnownFileType = text.plist.xml; path = Info.plist; sourceTree = "<group>"; };
/* End PBXFileReference section */

/* Begin PBXFrameworksBuildPhase section */
		CECF8CDE2089E89100A1FDA9 /* Frameworks */ = {
			isa = PBXFrameworksBuildPhase;
			buildActionMask = 2147483647;
			files = (
			);
			runOnlyForDeploymentPostprocessing = 0;
		};
/* End PBXFrameworksBuildPhase section */

/* Begin PBXGroup section */
		CECF8CD82089E89100A1FDA9 = {
			isa = PBXGroup;
			children = (
				CECF8CE32089E89100A1FDA9 /* Charts&Graphs */,
				CECF8CE22089E89100A1FDA9 /* Products */,
			);
			sourceTree = "<group>";
		};
		CECF8CE22089E89100A1FDA9 /* Products */ = {
			isa = PBXGroup;
			children = (
				CECF8CE12089E89100A1FDA9 /* Charts&Graphs.app */,
			);
			name = Products;
			sourceTree = "<group>";
		};
		CECF8CE32089E89100A1FDA9 /* Charts&Graphs */ = {
			isa = PBXGroup;
			children = (
				CECF8CE42089E89100A1FDA9 /* AppDelegate.swift */,
				CECF8CE62089E89100A1FDA9 /* ViewController.swift */,
				CECF8CE82089E89100A1FDA9 /* Main.storyboard */,
				CECF8CEB2089E89200A1FDA9 /* Assets.xcassets */,
				CECF8CED2089E89200A1FDA9 /* LaunchScreen.storyboard */,
				CECF8CF02089E89200A1FDA9 /* Info.plist */,
			);
			path = "Charts&Graphs";
			sourceTree = "<group>";
		};
/* End PBXGroup section */

/* Begin PBXNativeTarget section */
		CECF8CE02089E89100A1FDA9 /* Charts&Graphs */ = {
			isa = PBXNativeTarget;
			buildConfigurationList = CECF8CF32089E89200A1FDA9 /* Build configuration list for PBXNativeTarget "Charts&Graphs" */;
			buildPhases = (
				CECF8CDD2089E89100A1FDA9 /* Sources */,
				CECF8CDE2089E89100A1FDA9 /* Frameworks */,
				CECF8CDF2089E89100A1FDA9 /* Resources */,
			);
			buildRules = (
			);
			dependencies = (
			);
			name = "Charts&Graphs";
			productName = "Charts&Graphs";
			productReference = CECF8CE12089E89100A1FDA9 /* Charts&Graphs.app */;
			productType = "com.apple.product-type.application";
		};
/* End PBXNativeTarget section */

/* Begin PBXProject section */
		CECF8CD92089E89100A1FDA9 /* Project object */ = {
			isa = PBXProject;
			attributes = {
				LastSwiftUpdateCheck = 0930;
				LastUpgradeCheck = 0930;
				ORGANIZATIONNAME = "Somesh Arora";
				TargetAttributes = {
					CECF8CE02089E89100A1FDA9 = {
						CreatedOnToolsVersion = 9.3;
					};
				};
			};
			buildConfigurationList = CECF8CDC2089E89100A1FDA9 /* Build configuration list for PBXProject "Charts&Graphs" */;
			compatibilityVersion = "Xcode 9.3";
			developmentRegion = en;
			hasScannedForEncodings = 0;
			knownRegions = (
				en,
				Base,
			);
			mainGroup = CECF8CD82089E89100A1FDA9;
			productRefGroup = CECF8CE22089E89100A1FDA9 /* Products */;
			projectDirPath = "";
			projectRoot = "";
			targets = (
				CECF8CE02089E89100A1FDA9 /* Charts&Graphs */,
			);
		};
/* End PBXProject section */

/* Begin PBXResourcesBuildPhase section */
		CECF8CDF2089E89100A1FDA9 /* Resources */ = {
			isa = PBXResourcesBuildPhase;
			buildActionMask = 2147483647;
			files = (
				CECF8CEF2089E89200A1FDA9 /* LaunchScreen.storyboard in Resources */,
				CECF8CEC2089E89200A1FDA9 /* Assets.xcassets in Resources */,
				CECF8CEA2089E89100A1FDA9 /* Main.storyboard in Resources */,
			);
			runOnlyForDeploymentPostprocessing = 0;
		};
/* End PBXResourcesBuildPhase section */

/* Begin PBXSourcesBuildPhase section */
		CECF8CDD2089E89100A1FDA9 /* Sources */ = {
			isa = PBXSourcesBuildPhase;
			buildActionMask = 2147483647;
			files = (
				CECF8CE72089E89100A1FDA9 /* ViewController.swift in Sources */,
				CECF8CE52089E89100A1FDA9 /* AppDelegate.swift in Sources */,
			);
			runOnlyForDeploymentPostprocessing = 0;
		};
/* End PBXSourcesBuildPhase section */

/* Begin PBXVariantGroup section */
		CECF8CE82089E89100A1FDA9 /* Main.storyboard */ = {
			isa = PBXVariantGroup;
			children = (
				CECF8CE92089E89100A1FDA9 /* Base */,
			);
			name = Main.storyboard;
			sourceTree = "<group>";
		};
		CECF8CED2089E89200A1FDA9 /* LaunchScreen.storyboard */ = {
			isa = PBXVariantGroup;
			children = (
				CECF8CEE2089E89200A1FDA9 /* Base */,
			);
			name = LaunchScreen.storyboard;
			sourceTree = "<group>";
		};
/* End PBXVariantGroup section */

/* Begin XCBuildConfiguration section */
		CECF8CF12089E89200A1FDA9 /* Debug */ = {
			isa = XCBuildConfiguration;
			buildSettings = {
				ALWAYS_SEARCH_USER_PATHS = NO;
				CLANG_ANALYZER_NONNULL = YES;
				CLANG_ANALYZER_NUMBER_OBJECT_CONVERSION = YES_AGGRESSIVE;
				CLANG_CXX_LANGUAGE_STANDARD = "gnu++14";
				CLANG_CXX_LIBRARY = "libc++";
				CLANG_ENABLE_MODULES = YES;
				CLANG_ENABLE_OBJC_ARC = YES;
				CLANG_ENABLE_OBJC_WEAK = YES;
				CLANG_WARN_BLOCK_CAPTURE_AUTORELEASING = YES;
				CLANG_WARN_BOOL_CONVERSION = YES;
				CLANG_WARN_COMMA = YES;
				CLANG_WARN_CONSTANT_CONVERSION = YES;
				CLANG_WARN_DEPRECATED_OBJC_IMPLEMENTATIONS = YES;
				CLANG_WARN_DIRECT_OBJC_ISA_USAGE = YES_ERROR;
				CLANG_WARN_DOCUMENTATION_COMMENTS = YES;
				CLANG_WARN_EMPTY_BODY = YES;
				CLANG_WARN_ENUM_CONVERSION = YES;
				CLANG_WARN_INFINITE_RECURSION = YES;
				CLANG_WARN_INT_CONVERSION = YES;
				CLANG_WARN_NON_LITERAL_NULL_CONVERSION = YES;
				CLANG_WARN_OBJC_IMPLICIT_RETAIN_SELF = YES;
				CLANG_WARN_OBJC_LITERAL_CONVERSION = YES;
				CLANG_WARN_OBJC_ROOT_CLASS = YES_ERROR;
				CLANG_WARN_RANGE_LOOP_ANALYSIS = YES;
				CLANG_WARN_STRICT_PROTOTYPES = YES;
				CLANG_WARN_SUSPICIOUS_MOVE = YES;
				CLANG_WARN_UNGUARDED_AVAILABILITY = YES_AGGRESSIVE;
				CLANG_WARN_UNREACHABLE_CODE = YES;
				CLANG_WARN__DUPLICATE_METHOD_MATCH = YES;
				CODE_SIGN_IDENTITY = "iPhone Developer";
				COPY_PHASE_STRIP = NO;
				DEBUG_INFORMATION_FORMAT = dwarf;
				ENABLE_STRICT_OBJC_MSGSEND = YES;
				ENABLE_TESTABILITY = YES;
				GCC_C_LANGUAGE_STANDARD = gnu11;
				GCC_DYNAMIC_NO_PIC = NO;
				GCC_NO_COMMON_BLOCKS = YES;
				GCC_OPTIMIZATION_LEVEL = 0;
				GCC_PREPROCESSOR_DEFINITIONS = (
					"DEBUG=1",
					"$(inherited)",
				);
				GCC_WARN_64_TO_32_BIT_CONVERSION = YES;
				GCC_WARN_ABOUT_RETURN_TYPE = YES_ERROR;
				GCC_WARN_UNDECLARED_SELECTOR = YES;
				GCC_WARN_UNINITIALIZED_AUTOS = YES_AGGRESSIVE;
				GCC_WARN_UNUSED_FUNCTION = YES;
				GCC_WARN_UNUSED_VARIABLE = YES;
				IPHONEOS_DEPLOYMENT_TARGET = 11.3;
				MTL_ENABLE_DEBUG_INFO = YES;
				ONLY_ACTIVE_ARCH = YES;
				SDKROOT = iphoneos;
				SWIFT_ACTIVE_COMPILATION_CONDITIONS = DEBUG;
				SWIFT_OPTIMIZATION_LEVEL = "-Onone";
			};
			name = Debug;
		};
		CECF8CF22089E89200A1FDA9 /* Release */ = {
			isa = XCBuildConfiguration;
			buildSettings = {
				ALWAYS_SEARCH_USER_PATHS = NO;
				CLANG_ANALYZER_NONNULL = YES;
				CLANG_ANALYZER_NUMBER_OBJECT_CONVERSION = YES_AGGRESSIVE;
				CLANG_CXX_LANGUAGE_STANDARD = "gnu++14";
				CLANG_CXX_LIBRARY = "libc++";
				CLANG_ENABLE_MODULES = YES;
				CLANG_ENABLE_OBJC_ARC = YES;
				CLANG_ENABLE_OBJC_WEAK = YES;
				CLANG_WARN_BLOCK_CAPTURE_AUTORELEASING = YES;
				CLANG_WARN_BOOL_CONVERSION = YES;
				CLANG_WARN_COMMA = YES;
				CLANG_WARN_CONSTANT_CONVERSION = YES;
				CLANG_WARN_DEPRECATED_OBJC_IMPLEMENTATIONS = YES;
				CLANG_WARN_DIRECT_OBJC_ISA_USAGE = YES_ERROR;
				CLANG_WARN_DOCUMENTATION_COMMENTS = YES;
				CLANG_WARN_EMPTY_BODY = YES;
				CLANG_WARN_ENUM_CONVERSION = YES;
				CLANG_WARN_INFINITE_RECURSION = YES;
				CLANG_WARN_INT_CONVERSION = YES;
				CLANG_WARN_NON_LITERAL_NULL_CONVERSION = YES;
				CLANG_WARN_OBJC_IMPLICIT_RETAIN_SELF = YES;
				CLANG_WARN_OBJC_LITERAL_CONVERSION = YES;
				CLANG_WARN_OBJC_ROOT_CLASS = YES_ERROR;
				CLANG_WARN_RANGE_LOOP_ANALYSIS = YES;
				CLANG_WARN_STRICT_PROTOTYPES = YES;
				CLANG_WARN_SUSPICIOUS_MOVE = YES;
				CLANG_WARN_UNGUARDED_AVAILABILITY = YES_AGGRESSIVE;
				CLANG_WARN_UNREACHABLE_CODE = YES;
				CLANG_WARN__DUPLICATE_METHOD_MATCH = YES;
				CODE_SIGN_IDENTITY = "iPhone Developer";
				COPY_PHASE_STRIP = NO;
				DEBUG_INFORMATION_FORMAT = "dwarf-with-dsym";
				ENABLE_NS_ASSERTIONS = NO;
				ENABLE_STRICT_OBJC_MSGSEND = YES;
				GCC_C_LANGUAGE_STANDARD = gnu11;
				GCC_NO_COMMON_BLOCKS = YES;
				GCC_WARN_64_TO_32_BIT_CONVERSION = YES;
				GCC_WARN_ABOUT_RETURN_TYPE = YES_ERROR;
				GCC_WARN_UNDECLARED_SELECTOR = YES;
				GCC_WARN_UNINITIALIZED_AUTOS = YES_AGGRESSIVE;
				GCC_WARN_UNUSED_FUNCTION = YES;
				GCC_WARN_UNUSED_VARIABLE = YES;
				IPHONEOS_DEPLOYMENT_TARGET = 11.3;
				MTL_ENABLE_DEBUG_INFO = NO;
				SDKROOT = iphoneos;
				SWIFT_COMPILATION_MODE = wholemodule;
				SWIFT_OPTIMIZATION_LEVEL = "-O";
				VALIDATE_PRODUCT = YES;
			};
			name = Release;
		};
		CECF8CF42089E89200A1FDA9 /* Debug */ = {
			isa = XCBuildConfiguration;
			buildSettings = {
				ASSETCATALOG_COMPILER_APPICON_NAME = AppIcon;
				CODE_SIGN_STYLE = Automatic;
				DEVELOPMENT_TEAM = C6AQM8MP6F;
				INFOPLIST_FILE = "Charts&Graphs/Info.plist";
				LD_RUNPATH_SEARCH_PATHS = (
					"$(inherited)",
					"@executable_path/Frameworks",
				);
				PRODUCT_BUNDLE_IDENTIFIER = "somesharora.Charts-Graphs";
				PRODUCT_NAME = "$(TARGET_NAME)";
				SWIFT_VERSION = 4.0;
				TARGETED_DEVICE_FAMILY = "1,2";
			};
			name = Debug;
		};
		CECF8CF52089E89200A1FDA9 /* Release */ = {
			isa = XCBuildConfiguration;
			buildSettings = {
				ASSETCATALOG_COMPILER_APPICON_NAME = AppIcon;
				CODE_SIGN_STYLE = Automatic;
				DEVELOPMENT_TEAM = C6AQM8MP6F;
				INFOPLIST_FILE = "Charts&Graphs/Info.plist";
				LD_RUNPATH_SEARCH_PATHS = (
					"$(inherited)",
					"@executable_path/Frameworks",
				);
				PRODUCT_BUNDLE_IDENTIFIER = "somesharora.Charts-Graphs";
				PRODUCT_NAME = "$(TARGET_NAME)";
				SWIFT_VERSION = 4.0;
				TARGETED_DEVICE_FAMILY = "1,2";
			};
			name = Release;
		};
/* End XCBuildConfiguration section */

/* Begin XCConfigurationList section */
		CECF8CDC2089E89100A1FDA9 /* Build configuration list for PBXProject "Charts&Graphs" */ = {
			isa = XCConfigurationList;
			buildConfigurations = (
				CECF8CF12089E89200A1FDA9 /* Debug */,
				CECF8CF22089E89200A1FDA9 /* Release */,
			);
			defaultConfigurationIsVisible = 0;
			defaultConfigurationName = Release;
		};
		CECF8CF32089E89200A1FDA9 /* Build configuration list for PBXNativeTarget "Charts&Graphs" */ = {
			isa = XCConfigurationList;
			buildConfigurations = (
				CECF8CF42089E89200A1FDA9 /* Debug */,
				CECF8CF52089E89200A1FDA9 /* Release */,
			);
			defaultConfigurationIsVisible = 0;
			defaultConfigurationName = Release;
		};
/* End XCConfigurationList section */
	};
	rootObject = CECF8CD92089E89100A1FDA9 /* Project object */;
}
